
Microsoft Visual Studio Solution File, Format Version 12.00
Project("{FAE04EC0-301F-11D3-BF4B-00C04F79EFBC}") = "src", "src.csproj", "{FB2E5F4D-AB64-4220-9CAF-1B1A81C40C5B}"
EndProject
Global
	GlobalSection(SolutionConfigurationPlatforms) = preSolution
		Debug|Any CPU = Debug|Any CPU
		Release|Any CPU = Release|Any CPU
	EndGlobalSection
	GlobalSection(ProjectConfigurationPlatforms) = postSolution
		{FB2E5F4D-AB64-4220-9CAF-1B1A81C40C5B}.Debug|Any CPU.ActiveCfg = Debug|Any CPU
		{FB2E5F4D-AB64-4220-9CAF-1B1A81C40C5B}.Debug|Any CPU.Build.0 = Debug|Any CPU
		{FB2E5F4D-AB64-4220-9CAF-1B1A81C40C5B}.Release|Any CPU.ActiveCfg = Release|Any CPU
		{FB2E5F4D-AB64-4220-9CAF-1B1A81C40C5B}.Release|Any CPU.Build.0 = Release|Any CPU
	EndGlobalSection
EndGlobal
